
Microsoft Visual Studio Solution File, Format Version 12.00
# Visual Studio Version 17
VisualStudioVersion = 17.0.32112.339
MinimumVisualStudioVersion = 10.0.40219.1
Project("{9A19103F-16F7-4668-BE54-9A1E7A4F7556}") = "Contact.API", "Contact.API\Contact.API.csproj", "{67A6175C-0C5F-4E8B-8C12-AAAB10BB95C9}"
EndProject
Project("{9A19103F-16F7-4668-BE54-9A1E7A4F7556}") = "Report.API", "Report.API\Report.API.csproj", "{92DB4D57-95DF-4FCB-83C8-9DC37558DD33}"
EndProject
Project("{E53339B2-1760-4266-BCC7-CA923CBCF16C}") = "docker-compose", "docker-compose.dcproj", "{59A85F51-DB31-4E4A-8254-69B98932DB49}"
EndProject
Project("{FAE04EC0-301F-11D3-BF4B-00C04F79EFBC}") = "PhoneBook.Tests", "..\PhoneBook.Tests\PhoneBook.Tests.csproj", "{3540DA13-8D2A-4948-A4DB-2CB24DB94839}"
EndProject
Global
	GlobalSection(SolutionConfigurationPlatforms) = preSolution
		Debug|Any CPU = Debug|Any CPU
		Release|Any CPU = Release|Any CPU
	EndGlobalSection
	GlobalSection(ProjectConfigurationPlatforms) = postSolution
		{67A6175C-0C5F-4E8B-8C12-AAAB10BB95C9}.Debug|Any CPU.ActiveCfg = Debug|Any CPU
		{67A6175C-0C5F-4E8B-8C12-AAAB10BB95C9}.Debug|Any CPU.Build.0 = Debug|Any CPU
		{67A6175C-0C5F-4E8B-8C12-AAAB10BB95C9}.Release|Any CPU.ActiveCfg = Release|Any CPU
		{67A6175C-0C5F-4E8B-8C12-AAAB10BB95C9}.Release|Any CPU.Build.0 = Release|Any CPU
		{92DB4D57-95DF-4FCB-83C8-9DC37558DD33}.Debug|Any CPU.ActiveCfg = Debug|Any CPU
		{92DB4D57-95DF-4FCB-83C8-9DC37558DD33}.Debug|Any CPU.Build.0 = Debug|Any CPU
		{92DB4D57-95DF-4FCB-83C8-9DC37558DD33}.Release|Any CPU.ActiveCfg = Release|Any CPU
		{92DB4D57-95DF-4FCB-83C8-9DC37558DD33}.Release|Any CPU.Build.0 = Release|Any CPU
		{59A85F51-DB31-4E4A-8254-69B98932DB49}.Debug|Any CPU.ActiveCfg = Debug|Any CPU
		{59A85F51-DB31-4E4A-8254-69B98932DB49}.Debug|Any CPU.Build.0 = Debug|Any CPU
		{59A85F51-DB31-4E4A-8254-69B98932DB49}.Release|Any CPU.ActiveCfg = Release|Any CPU
		{59A85F51-DB31-4E4A-8254-69B98932DB49}.Release|Any CPU.Build.0 = Release|Any CPU
		{3540DA13-8D2A-4948-A4DB-2CB24DB94839}.Debug|Any CPU.ActiveCfg = Debug|Any CPU
		{3540DA13-8D2A-4948-A4DB-2CB24DB94839}.Debug|Any CPU.Build.0 = Debug|Any CPU
		{3540DA13-8D2A-4948-A4DB-2CB24DB94839}.Release|Any CPU.ActiveCfg = Release|Any CPU
		{3540DA13-8D2A-4948-A4DB-2CB24DB94839}.Release|Any CPU.Build.0 = Release|Any CPU
	EndGlobalSection
	GlobalSection(SolutionProperties) = preSolution
		HideSolutionNode = FALSE
	EndGlobalSection
	GlobalSection(ExtensibilityGlobals) = postSolution
		SolutionGuid = {A6554BF2-836C-4169-A48F-550BA10ED2E5}
	EndGlobalSection
EndGlobal
